
Microsoft Visual Studio Solution File, Format Version 12.00
# Visual Studio Version 16
VisualStudioVersion = 25.0.1706.12
MinimumVisualStudioVersion = 10.0.40219.1
Project("{FAE04EC0-301F-11D3-BF4B-00C04F79EFBC}") = "TopMoviesMaui", "TopMoviesMaui.csproj", "{357C5956-B5FA-45E5-9948-78EDC1DBB965}"
EndProject
Project("{FAE04EC0-301F-11D3-BF4B-00C04F79EFBC}") = "TopMovies.Business", "..\TopMovies.Business\TopMovies.Business.csproj", "{27C0532B-A860-4100-A9CF-10D25D246860}"
EndProject
Global
	GlobalSection(SolutionConfigurationPlatforms) = preSolution
		Debug|Any CPU = Debug|Any CPU
		Release|Any CPU = Release|Any CPU
	EndGlobalSection
	GlobalSection(ProjectConfigurationPlatforms) = postSolution
		{357C5956-B5FA-45E5-9948-78EDC1DBB965}.Debug|Any CPU.ActiveCfg = Debug|Any CPU
		{357C5956-B5FA-45E5-9948-78EDC1DBB965}.Debug|Any CPU.Build.0 = Debug|Any CPU
		{357C5956-B5FA-45E5-9948-78EDC1DBB965}.Release|Any CPU.ActiveCfg = Release|Any CPU
		{357C5956-B5FA-45E5-9948-78EDC1DBB965}.Release|Any CPU.Build.0 = Release|Any CPU
		{27C0532B-A860-4100-A9CF-10D25D246860}.Debug|Any CPU.ActiveCfg = Debug|Any CPU
		{27C0532B-A860-4100-A9CF-10D25D246860}.Debug|Any CPU.Build.0 = Debug|Any CPU
		{27C0532B-A860-4100-A9CF-10D25D246860}.Release|Any CPU.ActiveCfg = Release|Any CPU
		{27C0532B-A860-4100-A9CF-10D25D246860}.Release|Any CPU.Build.0 = Release|Any CPU
	EndGlobalSection
	GlobalSection(SolutionProperties) = preSolution
		HideSolutionNode = FALSE
	EndGlobalSection
	GlobalSection(ExtensibilityGlobals) = postSolution
		SolutionGuid = {ED0FD0DB-92C2-485D-BBF0-B2BDB96FDAF6}
	EndGlobalSection
EndGlobal
